
Microsoft Visual Studio Solution File, Format Version 12.00
Project("{FAE04EC0-301F-11D3-BF4B-00C04F79EFBC}") = "OstiumLogic", "OstiumLogic\OstiumLogic.csproj", "{013DF444-AB6A-419C-B254-B4F46FDC1342}"
EndProject
Project("{FAE04EC0-301F-11D3-BF4B-00C04F79EFBC}") = "OstiumLogicTests", "OstiumLogicTests\OstiumLogicTests.csproj", "{7C07CFA6-70FC-4D09-8421-88831EDF1CFA}"
EndProject
Global
	GlobalSection(SolutionConfigurationPlatforms) = preSolution
		Debug|Any CPU = Debug|Any CPU
		Release|Any CPU = Release|Any CPU
	EndGlobalSection
	GlobalSection(ProjectConfigurationPlatforms) = postSolution
		{013DF444-AB6A-419C-B254-B4F46FDC1342}.Debug|Any CPU.ActiveCfg = Debug|Any CPU
		{013DF444-AB6A-419C-B254-B4F46FDC1342}.Debug|Any CPU.Build.0 = Debug|Any CPU
		{013DF444-AB6A-419C-B254-B4F46FDC1342}.Release|Any CPU.ActiveCfg = Release|Any CPU
		{013DF444-AB6A-419C-B254-B4F46FDC1342}.Release|Any CPU.Build.0 = Release|Any CPU
		{7C07CFA6-70FC-4D09-8421-88831EDF1CFA}.Debug|Any CPU.ActiveCfg = Debug|Any CPU
		{7C07CFA6-70FC-4D09-8421-88831EDF1CFA}.Debug|Any CPU.Build.0 = Debug|Any CPU
		{7C07CFA6-70FC-4D09-8421-88831EDF1CFA}.Release|Any CPU.ActiveCfg = Release|Any CPU
		{7C07CFA6-70FC-4D09-8421-88831EDF1CFA}.Release|Any CPU.Build.0 = Release|Any CPU
	EndGlobalSection
EndGlobal
